
Microsoft Visual Studio Solution File, Format Version 12.00
# Visual Studio Version 17
VisualStudioVersion = 17.0.32014.148
MinimumVisualStudioVersion = 10.0.40219.1
Project("{9A19103F-16F7-4668-BE54-9A1E7A4F7556}") = "LVReplicaHangfire", "LVReplicaHangfire.csproj", "{42B6446C-A1FD-47FB-83DE-CCA8D8CF2009}"
EndProject
Global
	GlobalSection(SolutionConfigurationPlatforms) = preSolution
		Debug|Any CPU = Debug|Any CPU
		Release|Any CPU = Release|Any CPU
	EndGlobalSection
	GlobalSection(ProjectConfigurationPlatforms) = postSolution
		{42B6446C-A1FD-47FB-83DE-CCA8D8CF2009}.Debug|Any CPU.ActiveCfg = Debug|Any CPU
		{42B6446C-A1FD-47FB-83DE-CCA8D8CF2009}.Debug|Any CPU.Build.0 = Debug|Any CPU
		{42B6446C-A1FD-47FB-83DE-CCA8D8CF2009}.Release|Any CPU.ActiveCfg = Release|Any CPU
		{42B6446C-A1FD-47FB-83DE-CCA8D8CF2009}.Release|Any CPU.Build.0 = Release|Any CPU
	EndGlobalSection
	GlobalSection(SolutionProperties) = preSolution
		HideSolutionNode = FALSE
	EndGlobalSection
	GlobalSection(ExtensibilityGlobals) = postSolution
		SolutionGuid = {26B626B6-BEA5-4ED0-9BE5-CF0F99806236}
	EndGlobalSection
EndGlobal
